
Microsoft Visual Studio Solution File, Format Version 12.00
# Visual Studio Version 17
VisualStudioVersion = 17.14.36202.13
MinimumVisualStudioVersion = 10.0.40219.1
Project("{FAE04EC0-301F-11D3-BF4B-00C04F79EFBC}") = "SmartBook", "SmartBook.csproj", "{FC8B3F47-7DC0-4267-A6AB-DACCC8FEB93D}"
EndProject
Project("{FAE04EC0-301F-11D3-BF4B-00C04F79EFBC}") = "SmartBook_Console", "..\SmartBook_Console\SmartBook_Console.csproj", "{0A3CAB5C-688C-478D-9CBA-9D5A39602928}"
EndProject
Global
	GlobalSection(SolutionConfigurationPlatforms) = preSolution
		Debug|Any CPU = Debug|Any CPU
		Release|Any CPU = Release|Any CPU
	EndGlobalSection
	GlobalSection(ProjectConfigurationPlatforms) = postSolution
		{FC8B3F47-7DC0-4267-A6AB-DACCC8FEB93D}.Debug|Any CPU.ActiveCfg = Debug|Any CPU
		{FC8B3F47-7DC0-4267-A6AB-DACCC8FEB93D}.Debug|Any CPU.Build.0 = Debug|Any CPU
		{FC8B3F47-7DC0-4267-A6AB-DACCC8FEB93D}.Release|Any CPU.ActiveCfg = Release|Any CPU
		{FC8B3F47-7DC0-4267-A6AB-DACCC8FEB93D}.Release|Any CPU.Build.0 = Release|Any CPU
		{0A3CAB5C-688C-478D-9CBA-9D5A39602928}.Debug|Any CPU.ActiveCfg = Debug|Any CPU
		{0A3CAB5C-688C-478D-9CBA-9D5A39602928}.Debug|Any CPU.Build.0 = Debug|Any CPU
		{0A3CAB5C-688C-478D-9CBA-9D5A39602928}.Release|Any CPU.ActiveCfg = Release|Any CPU
		{0A3CAB5C-688C-478D-9CBA-9D5A39602928}.Release|Any CPU.Build.0 = Release|Any CPU
	EndGlobalSection
	GlobalSection(SolutionProperties) = preSolution
		HideSolutionNode = FALSE
	EndGlobalSection
	GlobalSection(ExtensibilityGlobals) = postSolution
		SolutionGuid = {B2ACD4F3-4636-415A-9F15-0FF1C837AF7C}
	EndGlobalSection
EndGlobal
